
Microsoft Visual Studio Solution File, Format Version 12.00
# Visual Studio 15
VisualStudioVersion = 15.0.27703.2026
MinimumVisualStudioVersion = 10.0.40219.1
Project("{FAE04EC0-301F-11D3-BF4B-00C04F79EFBC}") = "EntityTest", "EntityTest\EntityTest.csproj", "{AE5FEDF5-1AD0-499B-AE8B-22C6679C2094}"
EndProject
Global
	GlobalSection(SolutionConfigurationPlatforms) = preSolution
		Debug|Any CPU = Debug|Any CPU
		Release|Any CPU = Release|Any CPU
	EndGlobalSection
	GlobalSection(ProjectConfigurationPlatforms) = postSolution
		{AE5FEDF5-1AD0-499B-AE8B-22C6679C2094}.Debug|Any CPU.ActiveCfg = Debug|Any CPU
		{AE5FEDF5-1AD0-499B-AE8B-22C6679C2094}.Debug|Any CPU.Build.0 = Debug|Any CPU
		{AE5FEDF5-1AD0-499B-AE8B-22C6679C2094}.Release|Any CPU.ActiveCfg = Release|Any CPU
		{AE5FEDF5-1AD0-499B-AE8B-22C6679C2094}.Release|Any CPU.Build.0 = Release|Any CPU
	EndGlobalSection
	GlobalSection(SolutionProperties) = preSolution
		HideSolutionNode = FALSE
	EndGlobalSection
	GlobalSection(ExtensibilityGlobals) = postSolution
		SolutionGuid = {D16EF45E-18EB-4880-ACC4-00C2DAD6D203}
	EndGlobalSection
EndGlobal
